
Microsoft Visual Studio Solution File, Format Version 12.00
# Visual Studio 14
VisualStudioVersion = 14.0.24720.0
MinimumVisualStudioVersion = 10.0.40219.1
Project("{FAE04EC0-301F-11D3-BF4B-00C04F79EFBC}") = "500pxGeoSearch.Ui", "500pxGeoSearch\500pxGeoSearch.Ui.csproj", "{FFACE224-BA10-47E4-A310-2C735A172ECC}"
EndProject
Project("{FAE04EC0-301F-11D3-BF4B-00C04F79EFBC}") = "500pxGeoSearch.Search", "500pxGeoSearch.Search\500pxGeoSearch.Search.csproj", "{A73F73F6-A0BA-4190-93C0-E04907B8B059}"
EndProject
Global
	GlobalSection(SolutionConfigurationPlatforms) = preSolution
		Debug|Any CPU = Debug|Any CPU
		Release|Any CPU = Release|Any CPU
	EndGlobalSection
	GlobalSection(ProjectConfigurationPlatforms) = postSolution
		{FFACE224-BA10-47E4-A310-2C735A172ECC}.Debug|Any CPU.ActiveCfg = Debug|Any CPU
		{FFACE224-BA10-47E4-A310-2C735A172ECC}.Debug|Any CPU.Build.0 = Debug|Any CPU
		{FFACE224-BA10-47E4-A310-2C735A172ECC}.Debug|Any CPU.Deploy.0 = Debug|Any CPU
		{FFACE224-BA10-47E4-A310-2C735A172ECC}.Release|Any CPU.ActiveCfg = Release|Any CPU
		{FFACE224-BA10-47E4-A310-2C735A172ECC}.Release|Any CPU.Build.0 = Release|Any CPU
		{FFACE224-BA10-47E4-A310-2C735A172ECC}.Release|Any CPU.Deploy.0 = Release|Any CPU
		{A73F73F6-A0BA-4190-93C0-E04907B8B059}.Debug|Any CPU.ActiveCfg = Debug|Any CPU
		{A73F73F6-A0BA-4190-93C0-E04907B8B059}.Debug|Any CPU.Build.0 = Debug|Any CPU
		{A73F73F6-A0BA-4190-93C0-E04907B8B059}.Release|Any CPU.ActiveCfg = Release|Any CPU
		{A73F73F6-A0BA-4190-93C0-E04907B8B059}.Release|Any CPU.Build.0 = Release|Any CPU
	EndGlobalSection
	GlobalSection(SolutionProperties) = preSolution
		HideSolutionNode = FALSE
	EndGlobalSection
EndGlobal
